
Microsoft Visual Studio Solution File, Format Version 12.00
# Visual Studio Version 17
VisualStudioVersion = 17.14.36717.8 d17.14
MinimumVisualStudioVersion = 10.0.40219.1
Project("{FAE04EC0-301F-11D3-BF4B-00C04F79EFBC}") = "Flappy Bird", "Flappy Bird\Flappy Bird.csproj", "{F1798767-E23C-4FE5-8C86-BB2DCBF7E05B}"
EndProject
Global
	GlobalSection(SolutionConfigurationPlatforms) = preSolution
		Debug|Any CPU = Debug|Any CPU
		Release|Any CPU = Release|Any CPU
	EndGlobalSection
	GlobalSection(ProjectConfigurationPlatforms) = postSolution
		{F1798767-E23C-4FE5-8C86-BB2DCBF7E05B}.Debug|Any CPU.ActiveCfg = Debug|Any CPU
		{F1798767-E23C-4FE5-8C86-BB2DCBF7E05B}.Debug|Any CPU.Build.0 = Debug|Any CPU
		{F1798767-E23C-4FE5-8C86-BB2DCBF7E05B}.Release|Any CPU.ActiveCfg = Release|Any CPU
		{F1798767-E23C-4FE5-8C86-BB2DCBF7E05B}.Release|Any CPU.Build.0 = Release|Any CPU
	EndGlobalSection
	GlobalSection(SolutionProperties) = preSolution
		HideSolutionNode = FALSE
	EndGlobalSection
	GlobalSection(ExtensibilityGlobals) = postSolution
		SolutionGuid = {8D277B1D-724B-4677-B50F-121DCF159E21}
	EndGlobalSection
EndGlobal
